{
    "_meta": {
        "hash": {
            "sha256": "dd83ebeaf8e111a5b92b42ad8f3ca90bb31554310eeff3951c061270d3f2ac49"
        },
        "pipfile-spec": 6,
        "requires": {
            "python_version": "3.10"
        },
        "sources": [
            {
                "name": "pypi",
                "url": "https://pypi.org/simple",
                "verify_ssl": true
            }
        ]
    },
    "default": {},
    "develop": {}
}
